
Microsoft Visual Studio Solution File, Format Version 12.00
# Visual Studio 14
VisualStudioVersion = 14.0.25420.1
MinimumVisualStudioVersion = 10.0.40219.1
Project("{FAE04EC0-301F-11D3-BF4B-00C04F79EFBC}") = "M1HW1_Lee", "M1HW1_Lee\M1HW1_Lee.csproj", "{6C9D08A5-23CB-4AAB-95B3-DB0AE439FF5D}"
EndProject
Global
	GlobalSection(SolutionConfigurationPlatforms) = preSolution
		Debug|Any CPU = Debug|Any CPU
		Release|Any CPU = Release|Any CPU
	EndGlobalSection
	GlobalSection(ProjectConfigurationPlatforms) = postSolution
		{6C9D08A5-23CB-4AAB-95B3-DB0AE439FF5D}.Debug|Any CPU.ActiveCfg = Debug|Any CPU
		{6C9D08A5-23CB-4AAB-95B3-DB0AE439FF5D}.Debug|Any CPU.Build.0 = Debug|Any CPU
		{6C9D08A5-23CB-4AAB-95B3-DB0AE439FF5D}.Release|Any CPU.ActiveCfg = Release|Any CPU
		{6C9D08A5-23CB-4AAB-95B3-DB0AE439FF5D}.Release|Any CPU.Build.0 = Release|Any CPU
	EndGlobalSection
	GlobalSection(SolutionProperties) = preSolution
		HideSolutionNode = FALSE
	EndGlobalSection
EndGlobal
